{
  "name": "@fantasyarcade/ready-fs",
  "version": "1.0.0",
  "lockfileVersion": 1,
  "requires": true,
  "dependencies": {
    "@fantasyarcade/ready-memory-disk": {
      "version": "1.0.0",
      "resolved": "https://registry.npmjs.org/@fantasyarcade/ready-memory-disk/-/ready-memory-disk-1.0.0.tgz",
      "integrity": "sha512-LRE7ecmiSPW/F+8QuVZh2mgTUJfbwiQy258FDCZOC9XXSbfqeto31hIr8pgBA2XxFDbbOkTb0JpmyYHKct94Rw==",
      "dev": true,
      "requires": {
        "@fantasyarcade/uint8array-utils": "1.0.1"
      }
    },
    "@fantasyarcade/uint8array-utils": {
      "version": "1.0.1",
      "resolved": "https://registry.npmjs.org/@fantasyarcade/uint8array-utils/-/uint8array-utils-1.0.1.tgz",
      "integrity": "sha512-3E7N4oDO2hVxc8IX5Cy/GeKIN0hdUgYiuIZbAmPyp1+HGCDLxQ9I8HIdhDcE8SrNLyelgU/8BW6H5SQBC7Rs0g==",
      "dev": true
    }
  }
}
